
Microsoft Visual Studio Solution File, Format Version 12.00
# Visual Studio Version 17
VisualStudioVersion = 17.5.002.0
MinimumVisualStudioVersion = 10.0.40219.1
Project("{9A19103F-16F7-4668-BE54-9A1E7A4F7556}") = "WhileIteration", "WhileIteration.csproj", "{1CF4D117-B022-43C9-AEC7-EB9C245802A7}"
EndProject
Global
	GlobalSection(SolutionConfigurationPlatforms) = preSolution
		Debug|Any CPU = Debug|Any CPU
		Release|Any CPU = Release|Any CPU
	EndGlobalSection
	GlobalSection(ProjectConfigurationPlatforms) = postSolution
		{1CF4D117-B022-43C9-AEC7-EB9C245802A7}.Debug|Any CPU.ActiveCfg = Debug|Any CPU
		{1CF4D117-B022-43C9-AEC7-EB9C245802A7}.Debug|Any CPU.Build.0 = Debug|Any CPU
		{1CF4D117-B022-43C9-AEC7-EB9C245802A7}.Release|Any CPU.ActiveCfg = Release|Any CPU
		{1CF4D117-B022-43C9-AEC7-EB9C245802A7}.Release|Any CPU.Build.0 = Release|Any CPU
	EndGlobalSection
	GlobalSection(SolutionProperties) = preSolution
		HideSolutionNode = FALSE
	EndGlobalSection
	GlobalSection(ExtensibilityGlobals) = postSolution
		SolutionGuid = {3D45CD33-2968-4BB5-B33E-7D6EA4C16FA8}
	EndGlobalSection
EndGlobal
